
Microsoft Visual Studio Solution File, Format Version 12.00
# Visual Studio Version 17
VisualStudioVersion = 17.9.34723.18
MinimumVisualStudioVersion = 10.0.40219.1
Project("{FAE04EC0-301F-11D3-BF4B-00C04F79EFBC}") = "test_api", "test_api\test_api.csproj", "{72B84178-D7F7-4E65-AB76-BD0D4EB23356}"
EndProject
Project("{E53339B2-1760-4266-BCC7-CA923CBCF16C}") = "docker-compose", "docker-compose.dcproj", "{2DF497F6-6242-41FD-B4D2-A843397C0E72}"
EndProject
Global
	GlobalSection(SolutionConfigurationPlatforms) = preSolution
		Debug|Any CPU = Debug|Any CPU
		Release|Any CPU = Release|Any CPU
	EndGlobalSection
	GlobalSection(ProjectConfigurationPlatforms) = postSolution
		{72B84178-D7F7-4E65-AB76-BD0D4EB23356}.Debug|Any CPU.ActiveCfg = Debug|Any CPU
		{72B84178-D7F7-4E65-AB76-BD0D4EB23356}.Debug|Any CPU.Build.0 = Debug|Any CPU
		{72B84178-D7F7-4E65-AB76-BD0D4EB23356}.Release|Any CPU.ActiveCfg = Release|Any CPU
		{72B84178-D7F7-4E65-AB76-BD0D4EB23356}.Release|Any CPU.Build.0 = Release|Any CPU
		{2DF497F6-6242-41FD-B4D2-A843397C0E72}.Debug|Any CPU.ActiveCfg = Debug|Any CPU
		{2DF497F6-6242-41FD-B4D2-A843397C0E72}.Debug|Any CPU.Build.0 = Debug|Any CPU
		{2DF497F6-6242-41FD-B4D2-A843397C0E72}.Release|Any CPU.ActiveCfg = Release|Any CPU
		{2DF497F6-6242-41FD-B4D2-A843397C0E72}.Release|Any CPU.Build.0 = Release|Any CPU
	EndGlobalSection
	GlobalSection(SolutionProperties) = preSolution
		HideSolutionNode = FALSE
	EndGlobalSection
	GlobalSection(ExtensibilityGlobals) = postSolution
		SolutionGuid = {AE95C6A1-840C-400F-A9A0-9560FC22470D}
	EndGlobalSection
EndGlobal
